// !$*UTF8*$!
{
	archiveVersion = 1;
	classes = {
	};
	objectVersion = 56;
	objects = {

/* Begin PBXBuildFile section */
		9247A77929336437008D0490 /* ReminderModel.swift in Sources */ = {isa = PBXBuildFile; fileRef = 9247A77829336437008D0490 /* ReminderModel.swift */; };
		92D2061C29348CA400A333A5 /* ShowReminder.swift in Sources */ = {isa = PBXBuildFile; fileRef = 92D2061B29348CA400A333A5 /* ShowReminder.swift */; };
		92DABF0128E6B03000F07715 /* Preview Assets.xcassets in Resources */ = {isa = PBXBuildFile; fileRef = 92DABF0028E6B03000F07715 /* Preview Assets.xcassets */; };
		92DABF2528E6B10C00F07715 /* Assets.xcassets in Resources */ = {isa = PBXBuildFile; fileRef = 92DABF0728E6B10B00F07715 /* Assets.xcassets */; };
		92DABF2628E6B10C00F07715 /* LogbookApp.swift in Sources */ = {isa = PBXBuildFile; fileRef = 92DABF0928E6B10B00F07715 /* LogbookApp.swift */; };
		92DABF2728E6B10C00F07715 /* IntroScreenHelpers.swift in Sources */ = {isa = PBXBuildFile; fileRef = 92DABF0A28E6B10B00F07715 /* IntroScreenHelpers.swift */; };
		92DABF2828E6B10C00F07715 /* AppNavigation.swift in Sources */ = {isa = PBXBuildFile; fileRef = 92DABF0B28E6B10B00F07715 /* AppNavigation.swift */; };
		92DABF2928E6B10C00F07715 /* IntroScreen.swift in Sources */ = {isa = PBXBuildFile; fileRef = 92DABF0C28E6B10B00F07715 /* IntroScreen.swift */; };
		92DABF2A28E6B10C00F07715 /* ErrorView.swift in Sources */ = {isa = PBXBuildFile; fileRef = 92DABF0D28E6B10B00F07715 /* ErrorView.swift */; };
		92DABF2B28E6B10C00F07715 /* CarModel.swift in Sources */ = {isa = PBXBuildFile; fileRef = 92DABF0F28E6B10C00F07715 /* CarModel.swift */; };
		92DABF2C28E6B10C00F07715 /* AppHelpers.swift in Sources */ = {isa = PBXBuildFile; fileRef = 92DABF1028E6B10C00F07715 /* AppHelpers.swift */; };
		92DABF2E28E6B10C00F07715 /* ServiceModel.swift in Sources */ = {isa = PBXBuildFile; fileRef = 92DABF1228E6B10C00F07715 /* ServiceModel.swift */; };
		92DABF2F28E6B10C00F07715 /* LogModel.swift in Sources */ = {isa = PBXBuildFile; fileRef = 92DABF1328E6B10C00F07715 /* LogModel.swift */; };
		92DABF3028E6B10C00F07715 /* LogbookModel.swift in Sources */ = {isa = PBXBuildFile; fileRef = 92DABF1428E6B10C00F07715 /* LogbookModel.swift */; };
		92DABF3128E6B10C00F07715 /* Test.swift in Sources */ = {isa = PBXBuildFile; fileRef = 92DABF1728E6B10C00F07715 /* Test.swift */; };
		92DABF3228E6B10C00F07715 /* Help.swift in Sources */ = {isa = PBXBuildFile; fileRef = 92DABF1828E6B10C00F07715 /* Help.swift */; };
		92DABF3328E6B10C00F07715 /* Settings.swift in Sources */ = {isa = PBXBuildFile; fileRef = 92DABF1928E6B10C00F07715 /* Settings.swift */; };
		92DABF3428E6B10C00F07715 /* CarsList.swift in Sources */ = {isa = PBXBuildFile; fileRef = 92DABF1B28E6B10C00F07715 /* CarsList.swift */; };
		92DABF3528E6B10C00F07715 /* CarForm.swift in Sources */ = {isa = PBXBuildFile; fileRef = 92DABF1C28E6B10C00F07715 /* CarForm.swift */; };
		92DABF3628E6B10C00F07715 /* CarRow.swift in Sources */ = {isa = PBXBuildFile; fileRef = 92DABF1D28E6B10C00F07715 /* CarRow.swift */; };
		92DABF3728E6B10C00F07715 /* LogForm.swift in Sources */ = {isa = PBXBuildFile; fileRef = 92DABF1F28E6B10C00F07715 /* LogForm.swift */; };
		92DABF3828E6B10C00F07715 /* LogRow.swift in Sources */ = {isa = PBXBuildFile; fileRef = 92DABF2028E6B10C00F07715 /* LogRow.swift */; };
		92DABF3928E6B10C00F07715 /* LogbookHistory.swift in Sources */ = {isa = PBXBuildFile; fileRef = 92DABF2128E6B10C00F07715 /* LogbookHistory.swift */; };
		92DABF3A28E6B10C00F07715 /* Minder.swift in Sources */ = {isa = PBXBuildFile; fileRef = 92DABF2328E6B10C00F07715 /* Minder.swift */; };
/* End PBXBuildFile section */

/* Begin PBXFileReference section */
		9247A77829336437008D0490 /* ReminderModel.swift */ = {isa = PBXFileReference; lastKnownFileType = sourcecode.swift; path = ReminderModel.swift; sourceTree = "<group>"; };
		92D2061B29348CA400A333A5 /* ShowReminder.swift */ = {isa = PBXFileReference; lastKnownFileType = sourcecode.swift; path = ShowReminder.swift; sourceTree = "<group>"; };
		92DABEF628E6B02F00F07715 /* Logbook.app */ = {isa = PBXFileReference; explicitFileType = wrapper.application; includeInIndex = 0; path = Logbook.app; sourceTree = BUILT_PRODUCTS_DIR; };
		92DABF0028E6B03000F07715 /* Preview Assets.xcassets */ = {isa = PBXFileReference; lastKnownFileType = folder.assetcatalog; path = "Preview Assets.xcassets"; sourceTree = "<group>"; };
		92DABF0728E6B10B00F07715 /* Assets.xcassets */ = {isa = PBXFileReference; lastKnownFileType = folder.assetcatalog; name = Assets.xcassets; path = ../../CarLogbook/CarLogbook/Assets.xcassets; sourceTree = "<group>"; };
		92DABF0928E6B10B00F07715 /* LogbookApp.swift */ = {isa = PBXFileReference; fileEncoding = 4; lastKnownFileType = sourcecode.swift; path = LogbookApp.swift; sourceTree = "<group>"; };
		92DABF0A28E6B10B00F07715 /* IntroScreenHelpers.swift */ = {isa = PBXFileReference; fileEncoding = 4; lastKnownFileType = sourcecode.swift; path = IntroScreenHelpers.swift; sourceTree = "<group>"; };
		92DABF0B28E6B10B00F07715 /* AppNavigation.swift */ = {isa = PBXFileReference; fileEncoding = 4; lastKnownFileType = sourcecode.swift; path = AppNavigation.swift; sourceTree = "<group>"; };
		92DABF0C28E6B10B00F07715 /* IntroScreen.swift */ = {isa = PBXFileReference; fileEncoding = 4; lastKnownFileType = sourcecode.swift; path = IntroScreen.swift; sourceTree = "<group>"; };
		92DABF0D28E6B10B00F07715 /* ErrorView.swift */ = {isa = PBXFileReference; fileEncoding = 4; lastKnownFileType = sourcecode.swift; path = ErrorView.swift; sourceTree = "<group>"; };
		92DABF0F28E6B10C00F07715 /* CarModel.swift */ = {isa = PBXFileReference; fileEncoding = 4; lastKnownFileType = sourcecode.swift; path = CarModel.swift; sourceTree = "<group>"; };
		92DABF1028E6B10C00F07715 /* AppHelpers.swift */ = {isa = PBXFileReference; fileEncoding = 4; lastKnownFileType = sourcecode.swift; path = AppHelpers.swift; sourceTree = "<group>"; };
		92DABF1228E6B10C00F07715 /* ServiceModel.swift */ = {isa = PBXFileReference; fileEncoding = 4; lastKnownFileType = sourcecode.swift; path = ServiceModel.swift; sourceTree = "<group>"; };
		92DABF1328E6B10C00F07715 /* LogModel.swift */ = {isa = PBXFileReference; fileEncoding = 4; lastKnownFileType = sourcecode.swift; path = LogModel.swift; sourceTree = "<group>"; };
		92DABF1428E6B10C00F07715 /* LogbookModel.swift */ = {isa = PBXFileReference; fileEncoding = 4; lastKnownFileType = sourcecode.swift; path = LogbookModel.swift; sourceTree = "<group>"; };
		92DABF1728E6B10C00F07715 /* Test.swift */ = {isa = PBXFileReference; fileEncoding = 4; lastKnownFileType = sourcecode.swift; path = Test.swift; sourceTree = "<group>"; };
		92DABF1828E6B10C00F07715 /* Help.swift */ = {isa = PBXFileReference; fileEncoding = 4; lastKnownFileType = sourcecode.swift; path = Help.swift; sourceTree = "<group>"; };
		92DABF1928E6B10C00F07715 /* Settings.swift */ = {isa = PBXFileReference; fileEncoding = 4; lastKnownFileType = sourcecode.swift; path = Settings.swift; sourceTree = "<group>"; };
		92DABF1B28E6B10C00F07715 /* CarsList.swift */ = {isa = PBXFileReference; fileEncoding = 4; lastKnownFileType = sourcecode.swift; path = CarsList.swift; sourceTree = "<group>"; };
		92DABF1C28E6B10C00F07715 /* CarForm.swift */ = {isa = PBXFileReference; fileEncoding = 4; lastKnownFileType = sourcecode.swift; path = CarForm.swift; sourceTree = "<group>"; };
		92DABF1D28E6B10C00F07715 /* CarRow.swift */ = {isa = PBXFileReference; fileEncoding = 4; lastKnownFileType = sourcecode.swift; path = CarRow.swift; sourceTree = "<group>"; };
		92DABF1F28E6B10C00F07715 /* LogForm.swift */ = {isa = PBXFileReference; fileEncoding = 4; lastKnownFileType = sourcecode.swift; path = LogForm.swift; sourceTree = "<group>"; };
		92DABF2028E6B10C00F07715 /* LogRow.swift */ = {isa = PBXFileReference; fileEncoding = 4; lastKnownFileType = sourcecode.swift; path = LogRow.swift; sourceTree = "<group>"; };
		92DABF2128E6B10C00F07715 /* LogbookHistory.swift */ = {isa = PBXFileReference; fileEncoding = 4; lastKnownFileType = sourcecode.swift; path = LogbookHistory.swift; sourceTree = "<group>"; };
		92DABF2328E6B10C00F07715 /* Minder.swift */ = {isa = PBXFileReference; fileEncoding = 4; lastKnownFileType = sourcecode.swift; path = Minder.swift; sourceTree = "<group>"; };
/* End PBXFileReference section */

/* Begin PBXFrameworksBuildPhase section */
		92DABEF328E6B02F00F07715 /* Frameworks */ = {
			isa = PBXFrameworksBuildPhase;
			buildActionMask = 2147483647;
			files = (
			);
			runOnlyForDeploymentPostprocessing = 0;
		};
/* End PBXFrameworksBuildPhase section */

/* Begin PBXGroup section */
		92DABEED28E6B02F00F07715 = {
			isa = PBXGroup;
			children = (
				92DABEF828E6B02F00F07715 /* Logbook */,
				92DABEF728E6B02F00F07715 /* Products */,
			);
			sourceTree = "<group>";
		};
		92DABEF728E6B02F00F07715 /* Products */ = {
			isa = PBXGroup;
			children = (
				92DABEF628E6B02F00F07715 /* Logbook.app */,
			);
			name = Products;
			sourceTree = "<group>";
		};
		92DABEF828E6B02F00F07715 /* Logbook */ = {
			isa = PBXGroup;
			children = (
				92DABF0728E6B10B00F07715 /* Assets.xcassets */,
				92DABF0828E6B10B00F07715 /* App */,
				92DABF0E28E6B10C00F07715 /* Model */,
				92DABF1528E6B10C00F07715 /* Views */,
				92DABEFF28E6B03000F07715 /* Preview Content */,
			);
			path = Logbook;
			sourceTree = "<group>";
		};
		92DABEFF28E6B03000F07715 /* Preview Content */ = {
			isa = PBXGroup;
			children = (
				92DABF0028E6B03000F07715 /* Preview Assets.xcassets */,
			);
			path = "Preview Content";
			sourceTree = "<group>";
		};
		92DABF0828E6B10B00F07715 /* App */ = {
			isa = PBXGroup;
			children = (
				92DABF0928E6B10B00F07715 /* LogbookApp.swift */,
				92DABF0A28E6B10B00F07715 /* IntroScreenHelpers.swift */,
				92DABF0B28E6B10B00F07715 /* AppNavigation.swift */,
				92DABF0C28E6B10B00F07715 /* IntroScreen.swift */,
				92DABF1028E6B10C00F07715 /* AppHelpers.swift */,
				92DABF0D28E6B10B00F07715 /* ErrorView.swift */,
			);
			path = App;
			sourceTree = "<group>";
		};
		92DABF0E28E6B10C00F07715 /* Model */ = {
			isa = PBXGroup;
			children = (
				92DABF1428E6B10C00F07715 /* LogbookModel.swift */,
				92DABF0F28E6B10C00F07715 /* CarModel.swift */,
				92DABF1228E6B10C00F07715 /* ServiceModel.swift */,
				92DABF1328E6B10C00F07715 /* LogModel.swift */,
				9247A77829336437008D0490 /* ReminderModel.swift */,
			);
			path = Model;
			sourceTree = "<group>";
		};
		92DABF1528E6B10C00F07715 /* Views */ = {
			isa = PBXGroup;
			children = (
				92DABF1628E6B10C00F07715 /* Settings */,
				92DABF1A28E6B10C00F07715 /* Cars */,
				92DABF1E28E6B10C00F07715 /* Log */,
				92DABF2228E6B10C00F07715 /* Minder */,
			);
			path = Views;
			sourceTree = "<group>";
		};
		92DABF1628E6B10C00F07715 /* Settings */ = {
			isa = PBXGroup;
			children = (
				92DABF1728E6B10C00F07715 /* Test.swift */,
				92DABF1828E6B10C00F07715 /* Help.swift */,
				92DABF1928E6B10C00F07715 /* Settings.swift */,
			);
			path = Settings;
			sourceTree = "<group>";
		};
		92DABF1A28E6B10C00F07715 /* Cars */ = {
			isa = PBXGroup;
			children = (
				92DABF1B28E6B10C00F07715 /* CarsList.swift */,
				92DABF1C28E6B10C00F07715 /* CarForm.swift */,
				92DABF1D28E6B10C00F07715 /* CarRow.swift */,
			);
			path = Cars;
			sourceTree = "<group>";
		};
		92DABF1E28E6B10C00F07715 /* Log */ = {
			isa = PBXGroup;
			children = (
				92DABF1F28E6B10C00F07715 /* LogForm.swift */,
				92DABF2028E6B10C00F07715 /* LogRow.swift */,
				92DABF2128E6B10C00F07715 /* LogbookHistory.swift */,
			);
			path = Log;
			sourceTree = "<group>";
		};
		92DABF2228E6B10C00F07715 /* Minder */ = {
			isa = PBXGroup;
			children = (
				92DABF2328E6B10C00F07715 /* Minder.swift */,
				92D2061B29348CA400A333A5 /* ShowReminder.swift */,
			);
			path = Minder;
			sourceTree = "<group>";
		};
/* End PBXGroup section */

/* Begin PBXNativeTarget section */
		92DABEF528E6B02F00F07715 /* Logbook */ = {
			isa = PBXNativeTarget;
			buildConfigurationList = 92DABF0428E6B03000F07715 /* Build configuration list for PBXNativeTarget "Logbook" */;
			buildPhases = (
				92DABEF228E6B02F00F07715 /* Sources */,
				92DABEF328E6B02F00F07715 /* Frameworks */,
				92DABEF428E6B02F00F07715 /* Resources */,
			);
			buildRules = (
			);
			dependencies = (
			);
			name = Logbook;
			productName = Logbook;
			productReference = 92DABEF628E6B02F00F07715 /* Logbook.app */;
			productType = "com.apple.product-type.application";
		};
/* End PBXNativeTarget section */

/* Begin PBXProject section */
		92DABEEE28E6B02F00F07715 /* Project object */ = {
			isa = PBXProject;
			attributes = {
				BuildIndependentTargetsInParallel = 1;
				LastSwiftUpdateCheck = 1400;
				LastUpgradeCheck = 1400;
				TargetAttributes = {
					92DABEF528E6B02F00F07715 = {
						CreatedOnToolsVersion = 14.0;
					};
				};
			};
			buildConfigurationList = 92DABEF128E6B02F00F07715 /* Build configuration list for PBXProject "Logbook" */;
			compatibilityVersion = "Xcode 14.0";
			developmentRegion = en;
			hasScannedForEncodings = 0;
			knownRegions = (
				en,
				Base,
			);
			mainGroup = 92DABEED28E6B02F00F07715;
			productRefGroup = 92DABEF728E6B02F00F07715 /* Products */;
			projectDirPath = "";
			projectRoot = "";
			targets = (
				92DABEF528E6B02F00F07715 /* Logbook */,
			);
		};
/* End PBXProject section */

/* Begin PBXResourcesBuildPhase section */
		92DABEF428E6B02F00F07715 /* Resources */ = {
			isa = PBXResourcesBuildPhase;
			buildActionMask = 2147483647;
			files = (
				92DABF0128E6B03000F07715 /* Preview Assets.xcassets in Resources */,
				92DABF2528E6B10C00F07715 /* Assets.xcassets in Resources */,
			);
			runOnlyForDeploymentPostprocessing = 0;
		};
/* End PBXResourcesBuildPhase section */

/* Begin PBXSourcesBuildPhase section */
		92DABEF228E6B02F00F07715 /* Sources */ = {
			isa = PBXSourcesBuildPhase;
			buildActionMask = 2147483647;
			files = (
				92DABF3928E6B10C00F07715 /* LogbookHistory.swift in Sources */,
				92DABF2B28E6B10C00F07715 /* CarModel.swift in Sources */,
				92DABF3A28E6B10C00F07715 /* Minder.swift in Sources */,
				92DABF2E28E6B10C00F07715 /* ServiceModel.swift in Sources */,
				92DABF3828E6B10C00F07715 /* LogRow.swift in Sources */,
				92DABF3128E6B10C00F07715 /* Test.swift in Sources */,
				92DABF3428E6B10C00F07715 /* CarsList.swift in Sources */,
				92DABF3228E6B10C00F07715 /* Help.swift in Sources */,
				92DABF3628E6B10C00F07715 /* CarRow.swift in Sources */,
				92DABF2F28E6B10C00F07715 /* LogModel.swift in Sources */,
				92DABF2828E6B10C00F07715 /* AppNavigation.swift in Sources */,
				92D2061C29348CA400A333A5 /* ShowReminder.swift in Sources */,
				92DABF2728E6B10C00F07715 /* IntroScreenHelpers.swift in Sources */,
				92DABF3328E6B10C00F07715 /* Settings.swift in Sources */,
				92DABF2A28E6B10C00F07715 /* ErrorView.swift in Sources */,
				92DABF2928E6B10C00F07715 /* IntroScreen.swift in Sources */,
				92DABF3528E6B10C00F07715 /* CarForm.swift in Sources */,
				9247A77929336437008D0490 /* ReminderModel.swift in Sources */,
				92DABF3028E6B10C00F07715 /* LogbookModel.swift in Sources */,
				92DABF2C28E6B10C00F07715 /* AppHelpers.swift in Sources */,
				92DABF3728E6B10C00F07715 /* LogForm.swift in Sources */,
				92DABF2628E6B10C00F07715 /* LogbookApp.swift in Sources */,
			);
			runOnlyForDeploymentPostprocessing = 0;
		};
/* End PBXSourcesBuildPhase section */

/* Begin XCBuildConfiguration section */
		92DABF0228E6B03000F07715 /* Debug */ = {
			isa = XCBuildConfiguration;
			buildSettings = {
				ALWAYS_SEARCH_USER_PATHS = NO;
				CLANG_ANALYZER_NONNULL = YES;
				CLANG_ANALYZER_NUMBER_OBJECT_CONVERSION = YES_AGGRESSIVE;
				CLANG_CXX_LANGUAGE_STANDARD = "gnu++20";
				CLANG_ENABLE_MODULES = YES;
				CLANG_ENABLE_OBJC_ARC = YES;
				CLANG_ENABLE_OBJC_WEAK = YES;
				CLANG_WARN_BLOCK_CAPTURE_AUTORELEASING = YES;
				CLANG_WARN_BOOL_CONVERSION = YES;
				CLANG_WARN_COMMA = YES;
				CLANG_WARN_CONSTANT_CONVERSION = YES;
				CLANG_WARN_DEPRECATED_OBJC_IMPLEMENTATIONS = YES;
				CLANG_WARN_DIRECT_OBJC_ISA_USAGE = YES_ERROR;
				CLANG_WARN_DOCUMENTATION_COMMENTS = YES;
				CLANG_WARN_EMPTY_BODY = YES;
				CLANG_WARN_ENUM_CONVERSION = YES;
				CLANG_WARN_INFINITE_RECURSION = YES;
				CLANG_WARN_INT_CONVERSION = YES;
				CLANG_WARN_NON_LITERAL_NULL_CONVERSION = YES;
				CLANG_WARN_OBJC_IMPLICIT_RETAIN_SELF = YES;
				CLANG_WARN_OBJC_LITERAL_CONVERSION = YES;
				CLANG_WARN_OBJC_ROOT_CLASS = YES_ERROR;
				CLANG_WARN_QUOTED_INCLUDE_IN_FRAMEWORK_HEADER = YES;
				CLANG_WARN_RANGE_LOOP_ANALYSIS = YES;
				CLANG_WARN_STRICT_PROTOTYPES = YES;
				CLANG_WARN_SUSPICIOUS_MOVE = YES;
				CLANG_WARN_UNGUARDED_AVAILABILITY = YES_AGGRESSIVE;
				CLANG_WARN_UNREACHABLE_CODE = YES;
				CLANG_WARN__DUPLICATE_METHOD_MATCH = YES;
				COPY_PHASE_STRIP = NO;
				DEBUG_INFORMATION_FORMAT = dwarf;
				ENABLE_STRICT_OBJC_MSGSEND = YES;
				ENABLE_TESTABILITY = YES;
				GCC_C_LANGUAGE_STANDARD = gnu11;
				GCC_DYNAMIC_NO_PIC = NO;
				GCC_NO_COMMON_BLOCKS = YES;
				GCC_OPTIMIZATION_LEVEL = 0;
				GCC_PREPROCESSOR_DEFINITIONS = (
					"DEBUG=1",
					"$(inherited)",
				);
				GCC_WARN_64_TO_32_BIT_CONVERSION = YES;
				GCC_WARN_ABOUT_RETURN_TYPE = YES_ERROR;
				GCC_WARN_UNDECLARED_SELECTOR = YES;
				GCC_WARN_UNINITIALIZED_AUTOS = YES_AGGRESSIVE;
				GCC_WARN_UNUSED_FUNCTION = YES;
				GCC_WARN_UNUSED_VARIABLE = YES;
				IPHONEOS_DEPLOYMENT_TARGET = 15.6;
				MTL_ENABLE_DEBUG_INFO = INCLUDE_SOURCE;
				MTL_FAST_MATH = YES;
				ONLY_ACTIVE_ARCH = YES;
				SDKROOT = iphoneos;
				SWIFT_ACTIVE_COMPILATION_CONDITIONS = DEBUG;
				SWIFT_OPTIMIZATION_LEVEL = "-Onone";
			};
			name = Debug;
		};
		92DABF0328E6B03000F07715 /* Release */ = {
			isa = XCBuildConfiguration;
			buildSettings = {
				ALWAYS_SEARCH_USER_PATHS = NO;
				CLANG_ANALYZER_NONNULL = YES;
				CLANG_ANALYZER_NUMBER_OBJECT_CONVERSION = YES_AGGRESSIVE;
				CLANG_CXX_LANGUAGE_STANDARD = "gnu++20";
				CLANG_ENABLE_MODULES = YES;
				CLANG_ENABLE_OBJC_ARC = YES;
				CLANG_ENABLE_OBJC_WEAK = YES;
				CLANG_WARN_BLOCK_CAPTURE_AUTORELEASING = YES;
				CLANG_WARN_BOOL_CONVERSION = YES;
				CLANG_WARN_COMMA = YES;
				CLANG_WARN_CONSTANT_CONVERSION = YES;
				CLANG_WARN_DEPRECATED_OBJC_IMPLEMENTATIONS = YES;
				CLANG_WARN_DIRECT_OBJC_ISA_USAGE = YES_ERROR;
				CLANG_WARN_DOCUMENTATION_COMMENTS = YES;
				CLANG_WARN_EMPTY_BODY = YES;
				CLANG_WARN_ENUM_CONVERSION = YES;
				CLANG_WARN_INFINITE_RECURSION = YES;
				CLANG_WARN_INT_CONVERSION = YES;
				CLANG_WARN_NON_LITERAL_NULL_CONVERSION = YES;
				CLANG_WARN_OBJC_IMPLICIT_RETAIN_SELF = YES;
				CLANG_WARN_OBJC_LITERAL_CONVERSION = YES;
				CLANG_WARN_OBJC_ROOT_CLASS = YES_ERROR;
				CLANG_WARN_QUOTED_INCLUDE_IN_FRAMEWORK_HEADER = YES;
				CLANG_WARN_RANGE_LOOP_ANALYSIS = YES;
				CLANG_WARN_STRICT_PROTOTYPES = YES;
				CLANG_WARN_SUSPICIOUS_MOVE = YES;
				CLANG_WARN_UNGUARDED_AVAILABILITY = YES_AGGRESSIVE;
				CLANG_WARN_UNREACHABLE_CODE = YES;
				CLANG_WARN__DUPLICATE_METHOD_MATCH = YES;
				COPY_PHASE_STRIP = NO;
				DEBUG_INFORMATION_FORMAT = "dwarf-with-dsym";
				ENABLE_NS_ASSERTIONS = NO;
				ENABLE_STRICT_OBJC_MSGSEND = YES;
				GCC_C_LANGUAGE_STANDARD = gnu11;
				GCC_NO_COMMON_BLOCKS = YES;
				GCC_WARN_64_TO_32_BIT_CONVERSION = YES;
				GCC_WARN_ABOUT_RETURN_TYPE = YES_ERROR;
				GCC_WARN_UNDECLARED_SELECTOR = YES;
				GCC_WARN_UNINITIALIZED_AUTOS = YES_AGGRESSIVE;
				GCC_WARN_UNUSED_FUNCTION = YES;
				GCC_WARN_UNUSED_VARIABLE = YES;
				IPHONEOS_DEPLOYMENT_TARGET = 15.6;
				MTL_ENABLE_DEBUG_INFO = NO;
				MTL_FAST_MATH = YES;
				SDKROOT = iphoneos;
				SWIFT_COMPILATION_MODE = wholemodule;
				SWIFT_OPTIMIZATION_LEVEL = "-O";
				VALIDATE_PRODUCT = YES;
			};
			name = Release;
		};
		92DABF0528E6B03000F07715 /* Debug */ = {
			isa = XCBuildConfiguration;
			buildSettings = {
				ASSETCATALOG_COMPILER_APPICON_NAME = AppIcon;
				ASSETCATALOG_COMPILER_GLOBAL_ACCENT_COLOR_NAME = AccentColor;
				ASSETCATALOG_COMPILER_INCLUDE_ALL_APPICON_ASSETS = YES;
				CODE_SIGN_STYLE = Automatic;
				CURRENT_PROJECT_VERSION = 1;
				DEVELOPMENT_ASSET_PATHS = "\"Logbook/Preview Content\"";
				DEVELOPMENT_TEAM = XLK8R657HJ;
				ENABLE_PREVIEWS = YES;
				GENERATE_INFOPLIST_FILE = YES;
				INFOPLIST_KEY_CFBundleDisplayName = "Car Logbook";
				INFOPLIST_KEY_LSApplicationCategoryType = "public.app-category.reference";
				INFOPLIST_KEY_UIApplicationSceneManifest_Generation = YES;
				INFOPLIST_KEY_UIApplicationSupportsIndirectInputEvents = YES;
				INFOPLIST_KEY_UILaunchScreen_Generation = YES;
				INFOPLIST_KEY_UISupportedInterfaceOrientations = UIInterfaceOrientationPortrait;
				INFOPLIST_KEY_UISupportedInterfaceOrientations_iPad = "UIInterfaceOrientationPortrait UIInterfaceOrientationPortraitUpsideDown";
				LD_RUNPATH_SEARCH_PATHS = (
					"$(inherited)",
					"@executable_path/Frameworks",
				);
				MARKETING_VERSION = 1.0;
				PRODUCT_BUNDLE_IDENTIFIER = com.cabohut.Logbook4cars;
				PRODUCT_NAME = "$(TARGET_NAME)";
				SWIFT_EMIT_LOC_STRINGS = YES;
				SWIFT_VERSION = 5.0;
				TARGETED_DEVICE_FAMILY = "1,2";
			};
			name = Debug;
		};
		92DABF0628E6B03000F07715 /* Release */ = {
			isa = XCBuildConfiguration;
			buildSettings = {
				ASSETCATALOG_COMPILER_APPICON_NAME = AppIcon;
				ASSETCATALOG_COMPILER_GLOBAL_ACCENT_COLOR_NAME = AccentColor;
				ASSETCATALOG_COMPILER_INCLUDE_ALL_APPICON_ASSETS = YES;
				CODE_SIGN_STYLE = Automatic;
				CURRENT_PROJECT_VERSION = 1;
				DEVELOPMENT_ASSET_PATHS = "\"Logbook/Preview Content\"";
				DEVELOPMENT_TEAM = XLK8R657HJ;
				ENABLE_PREVIEWS = YES;
				GENERATE_INFOPLIST_FILE = YES;
				INFOPLIST_KEY_CFBundleDisplayName = "Car Logbook";
				INFOPLIST_KEY_LSApplicationCategoryType = "public.app-category.reference";
				INFOPLIST_KEY_UIApplicationSceneManifest_Generation = YES;
				INFOPLIST_KEY_UIApplicationSupportsIndirectInputEvents = YES;
				INFOPLIST_KEY_UILaunchScreen_Generation = YES;
				INFOPLIST_KEY_UISupportedInterfaceOrientations = UIInterfaceOrientationPortrait;
				INFOPLIST_KEY_UISupportedInterfaceOrientations_iPad = "UIInterfaceOrientationPortrait UIInterfaceOrientationPortraitUpsideDown";
				LD_RUNPATH_SEARCH_PATHS = (
					"$(inherited)",
					"@executable_path/Frameworks",
				);
				MARKETING_VERSION = 1.0;
				PRODUCT_BUNDLE_IDENTIFIER = com.cabohut.Logbook4cars;
				PRODUCT_NAME = "$(TARGET_NAME)";
				SWIFT_EMIT_LOC_STRINGS = YES;
				SWIFT_VERSION = 5.0;
				TARGETED_DEVICE_FAMILY = "1,2";
			};
			name = Release;
		};
/* End XCBuildConfiguration section */

/* Begin XCConfigurationList section */
		92DABEF128E6B02F00F07715 /* Build configuration list for PBXProject "Logbook" */ = {
			isa = XCConfigurationList;
			buildConfigurations = (
				92DABF0228E6B03000F07715 /* Debug */,
				92DABF0328E6B03000F07715 /* Release */,
			);
			defaultConfigurationIsVisible = 0;
			defaultConfigurationName = Release;
		};
		92DABF0428E6B03000F07715 /* Build configuration list for PBXNativeTarget "Logbook" */ = {
			isa = XCConfigurationList;
			buildConfigurations = (
				92DABF0528E6B03000F07715 /* Debug */,
				92DABF0628E6B03000F07715 /* Release */,
			);
			defaultConfigurationIsVisible = 0;
			defaultConfigurationName = Release;
		};
/* End XCConfigurationList section */
	};
	rootObject = 92DABEEE28E6B02F00F07715 /* Project object */;
}
